Microsoft Visual Studio Solution File, Format Version 12.00
# Visual Studio Version 17
VisualStudioVersion = 17.5.2.0
MinimumVisualStudioVersion = 10.0.40219.1
Project("{FAE04EC0-301F-11D3-BF4B-00C04F79EFBC}") = "LanguageExamApp", "LanguageExamApp.csproj", "{AAAEE242-C8B6-A975-7955-02E56B48EA74}"
EndProject
Global
	GlobalSection(SolutionConfigurationPlatforms) = preSolution
		Debug|Any CPU = Debug|Any CPU
		Release|Any CPU = Release|Any CPU
	EndGlobalSection
	GlobalSection(ProjectConfigurationPlatforms) = postSolution
		{AAAEE242-C8B6-A975-7955-02E56B48EA74}.Debug|Any CPU.ActiveCfg = Debug|Any CPU
		{AAAEE242-C8B6-A975-7955-02E56B48EA74}.Debug|Any CPU.Build.0 = Debug|Any CPU
		{AAAEE242-C8B6-A975-7955-02E56B48EA74}.Release|Any CPU.ActiveCfg = Release|Any CPU
		{AAAEE242-C8B6-A975-7955-02E56B48EA74}.Release|Any CPU.Build.0 = Release|Any CPU
	EndGlobalSection
	GlobalSection(SolutionProperties) = preSolution
		HideSolutionNode = FALSE
	EndGlobalSection
	GlobalSection(ExtensibilityGlobals) = postSolution
		SolutionGuid = {345E9A21-82D2-43AA-93B7-D9098511A1E1}
	EndGlobalSection
EndGlobal
